
Microsoft Visual Studio Solution File, Format Version 12.00
# Visual Studio 15
VisualStudioVersion = 15.0.28307.779
MinimumVisualStudioVersion = 10.0.40219.1
Project("{FAE04EC0-301F-11D3-BF4B-00C04F79EFBC}") = "MJC_EventsNDelegates", "MJC_EventsNDelegates\MJC_EventsNDelegates.csproj", "{4DAA4D0E-5E00-4CE6-8B5E-FC4F4160D45A}"
EndProject
Global
	GlobalSection(SolutionConfigurationPlatforms) = preSolution
		Debug|Any CPU = Debug|Any CPU
		Release|Any CPU = Release|Any CPU
	EndGlobalSection
	GlobalSection(ProjectConfigurationPlatforms) = postSolution
		{4DAA4D0E-5E00-4CE6-8B5E-FC4F4160D45A}.Debug|Any CPU.ActiveCfg = Debug|Any CPU
		{4DAA4D0E-5E00-4CE6-8B5E-FC4F4160D45A}.Debug|Any CPU.Build.0 = Debug|Any CPU
		{4DAA4D0E-5E00-4CE6-8B5E-FC4F4160D45A}.Release|Any CPU.ActiveCfg = Release|Any CPU
		{4DAA4D0E-5E00-4CE6-8B5E-FC4F4160D45A}.Release|Any CPU.Build.0 = Release|Any CPU
	EndGlobalSection
	GlobalSection(SolutionProperties) = preSolution
		HideSolutionNode = FALSE
	EndGlobalSection
	GlobalSection(ExtensibilityGlobals) = postSolution
		SolutionGuid = {C78B0636-8337-43DD-AA96-387F6C89EFE9}
	EndGlobalSection
EndGlobal
